// !$*UTF8*$!
{
	archiveVersion = 1;
	classes = {
	};
	objectVersion = 46;
	objects = {

/* Begin PBXAggregateTarget section */
		"SwiftFigletKit::SwiftFigletKitPackageTests::ProductTarget" /* SwiftFigletKitPackageTests */ = {
			isa = PBXAggregateTarget;
			buildConfigurationList = OBJ_31 /* Build configuration list for PBXAggregateTarget "SwiftFigletKitPackageTests" */;
			buildPhases = (
			);
			dependencies = (
			);
			name = SwiftFigletKitPackageTests;
			productName = SwiftFigletKitPackageTests;
		};
/* End PBXAggregateTarget section */

/* Begin PBXBuildFile section */
		990CE61A2465CA1F00E23460 /* String+FKFont.swift in Sources */ = {isa = PBXBuildFile; fileRef = 990CE6192465CA1F00E23460 /* String+FKFont.swift */; };
		99BF808B246612450022B01E /* SFKFont.swift in Sources */ = {isa = PBXBuildFile; fileRef = 99BF8089246612450022B01E /* SFKFont.swift */; };
		99BF808C246612450022B01E /* SFKChar.swift in Sources */ = {isa = PBXBuildFile; fileRef = 99BF808A246612450022B01E /* SFKChar.swift */; };
		OBJ_22 /* SwiftFigletKit.swift in Sources */ = {isa = PBXBuildFile; fileRef = OBJ_9 /* SwiftFigletKit.swift */; };
/* End PBXBuildFile section */

/* Begin PBXFileReference section */
		990CE6192465CA1F00E23460 /* String+FKFont.swift */ = {isa = PBXFileReference; lastKnownFileType = sourcecode.swift; path = "String+FKFont.swift"; sourceTree = "<group>"; };
		990CE62E2465D00700E23460 /* Package.swift */ = {isa = PBXFileReference; fileEncoding = 4; lastKnownFileType = sourcecode.swift; name = Package.swift; path = ../Package.swift; sourceTree = "<group>"; };
		990CE6312465D02C00E23460 /* README.md */ = {isa = PBXFileReference; lastKnownFileType = net.daringfireball.markdown; name = README.md; path = ../README.md; sourceTree = "<group>"; };
		99BF8089246612450022B01E /* SFKFont.swift */ = {isa = PBXFileReference; fileEncoding = 4; lastKnownFileType = sourcecode.swift; path = SFKFont.swift; sourceTree = "<group>"; };
		99BF808A246612450022B01E /* SFKChar.swift */ = {isa = PBXFileReference; fileEncoding = 4; lastKnownFileType = sourcecode.swift; path = SFKChar.swift; sourceTree = "<group>"; };
		OBJ_12 /* SwiftFigletKitTests.swift */ = {isa = PBXFileReference; lastKnownFileType = sourcecode.swift; path = SwiftFigletKitTests.swift; sourceTree = "<group>"; };
		OBJ_13 /* XCTestManifests.swift */ = {isa = PBXFileReference; lastKnownFileType = sourcecode.swift; path = XCTestManifests.swift; sourceTree = "<group>"; };
		OBJ_9 /* SwiftFigletKit.swift */ = {isa = PBXFileReference; lastKnownFileType = sourcecode.swift; path = SwiftFigletKit.swift; sourceTree = "<group>"; };
		"SwiftFigletKit::SwiftFigletKit::Product" /* SwiftFigletKit.framework */ = {isa = PBXFileReference; explicitFileType = wrapper.framework; path = SwiftFigletKit.framework; sourceTree = BUILT_PRODUCTS_DIR; };
/* End PBXFileReference section */

/* Begin PBXFrameworksBuildPhase section */
		OBJ_23 /* Frameworks */ = {
			isa = PBXFrameworksBuildPhase;
			buildActionMask = 0;
			files = (
			);
			runOnlyForDeploymentPostprocessing = 0;
		};
/* End PBXFrameworksBuildPhase section */

/* Begin PBXGroup section */
		OBJ_10 /* Tests */ = {
			isa = PBXGroup;
			children = (
				OBJ_11 /* SwiftFigletKitTests */,
			);
			name = Tests;
			sourceTree = SOURCE_ROOT;
		};
		OBJ_11 /* SwiftFigletKitTests */ = {
			isa = PBXGroup;
			children = (
				OBJ_12 /* SwiftFigletKitTests.swift */,
				OBJ_13 /* XCTestManifests.swift */,
			);
			name = SwiftFigletKitTests;
			path = Tests/SwiftFigletKitTests;
			sourceTree = SOURCE_ROOT;
		};
		OBJ_14 /* Products */ = {
			isa = PBXGroup;
			children = (
				"SwiftFigletKit::SwiftFigletKit::Product" /* SwiftFigletKit.framework */,
			);
			name = Products;
			sourceTree = BUILT_PRODUCTS_DIR;
		};
		OBJ_5 = {
			isa = PBXGroup;
			children = (
				990CE6312465D02C00E23460 /* README.md */,
				990CE62E2465D00700E23460 /* Package.swift */,
				OBJ_7 /* Sources */,
				OBJ_10 /* Tests */,
				OBJ_14 /* Products */,
			);
			sourceTree = "<group>";
		};
		OBJ_7 /* Sources */ = {
			isa = PBXGroup;
			children = (
				OBJ_8 /* SwiftFigletKit */,
			);
			name = Sources;
			sourceTree = SOURCE_ROOT;
		};
		OBJ_8 /* SwiftFigletKit */ = {
			isa = PBXGroup;
			children = (
				99BF808A246612450022B01E /* SFKChar.swift */,
				99BF8089246612450022B01E /* SFKFont.swift */,
				OBJ_9 /* SwiftFigletKit.swift */,
				990CE6192465CA1F00E23460 /* String+FKFont.swift */,
			);
			name = SwiftFigletKit;
			path = Sources/SwiftFigletKit;
			sourceTree = SOURCE_ROOT;
		};
/* End PBXGroup section */

/* Begin PBXNativeTarget section */
		"SwiftFigletKit::SwiftFigletKit" /* SwiftFigletKit */ = {
			isa = PBXNativeTarget;
			buildConfigurationList = OBJ_18 /* Build configuration list for PBXNativeTarget "SwiftFigletKit" */;
			buildPhases = (
				OBJ_21 /* Sources */,
				OBJ_23 /* Frameworks */,
			);
			buildRules = (
			);
			dependencies = (
			);
			name = SwiftFigletKit;
			productName = SwiftFigletKit;
			productReference = "SwiftFigletKit::SwiftFigletKit::Product" /* SwiftFigletKit.framework */;
			productType = "com.apple.product-type.framework";
		};
		"SwiftFigletKit::SwiftPMPackageDescription" /* SwiftFigletKitPackageDescription */ = {
			isa = PBXNativeTarget;
			buildConfigurationList = OBJ_25 /* Build configuration list for PBXNativeTarget "SwiftFigletKitPackageDescription" */;
			buildPhases = (
				OBJ_28 /* Sources */,
			);
			buildRules = (
			);
			dependencies = (
			);
			name = SwiftFigletKitPackageDescription;
			productName = SwiftFigletKitPackageDescription;
			productType = "com.apple.product-type.framework";
		};
/* End PBXNativeTarget section */

/* Begin PBXProject section */
		OBJ_1 /* Project object */ = {
			isa = PBXProject;
			attributes = {
				LastSwiftMigration = 9999;
				LastUpgradeCheck = 9999;
				TargetAttributes = {
					"SwiftFigletKit::SwiftFigletKit" = {
						DevelopmentTeam = 722SF2V9RH;
					};
				};
			};
			buildConfigurationList = OBJ_2 /* Build configuration list for PBXProject "SwiftFigletKit" */;
			compatibilityVersion = "Xcode 3.2";
			developmentRegion = en;
			hasScannedForEncodings = 0;
			knownRegions = (
				en,
			);
			mainGroup = OBJ_5;
			productRefGroup = OBJ_14 /* Products */;
			projectDirPath = "";
			projectRoot = "";
			targets = (
				"SwiftFigletKit::SwiftFigletKit" /* SwiftFigletKit */,
				"SwiftFigletKit::SwiftPMPackageDescription" /* SwiftFigletKitPackageDescription */,
				"SwiftFigletKit::SwiftFigletKitPackageTests::ProductTarget" /* SwiftFigletKitPackageTests */,
			);
		};
/* End PBXProject section */

/* Begin PBXSourcesBuildPhase section */
		OBJ_21 /* Sources */ = {
			isa = PBXSourcesBuildPhase;
			buildActionMask = 0;
			files = (
				99BF808B246612450022B01E /* SFKFont.swift in Sources */,
				990CE61A2465CA1F00E23460 /* String+FKFont.swift in Sources */,
				99BF808C246612450022B01E /* SFKChar.swift in Sources */,
				OBJ_22 /* SwiftFigletKit.swift in Sources */,
			);
			runOnlyForDeploymentPostprocessing = 0;
		};
		OBJ_28 /* Sources */ = {
			isa = PBXSourcesBuildPhase;
			buildActionMask = 0;
			files = (
			);
			runOnlyForDeploymentPostprocessing = 0;
		};
/* End PBXSourcesBuildPhase section */

/* Begin XCBuildConfiguration section */
		OBJ_19 /* Debug */ = {
			isa = XCBuildConfiguration;
			buildSettings = {
				CODE_SIGN_IDENTITY = "Apple Development";
				DEVELOPMENT_TEAM = 722SF2V9RH;
				ENABLE_TESTABILITY = YES;
				FRAMEWORK_SEARCH_PATHS = (
					"$(inherited)",
					"$(PLATFORM_DIR)/Developer/Library/Frameworks",
				);
				HEADER_SEARCH_PATHS = "$(inherited)";
				INFOPLIST_FILE = SwiftFigletKit.xcodeproj/SwiftFigletKit_Info.plist;
				IPHONEOS_DEPLOYMENT_TARGET = 8.0;
				LD_RUNPATH_SEARCH_PATHS = "$(inherited) $(TOOLCHAIN_DIR)/usr/lib/swift/macosx";
				MACOSX_DEPLOYMENT_TARGET = 10.12;
				OTHER_CFLAGS = "$(inherited)";
				OTHER_LDFLAGS = "$(inherited)";
				OTHER_SWIFT_FLAGS = "$(inherited)";
				PRODUCT_BUNDLE_IDENTIFIER = SwiftFigletKit;
				PRODUCT_MODULE_NAME = "$(TARGET_NAME:c99extidentifier)";
				PRODUCT_NAME = "$(TARGET_NAME:c99extidentifier)";
				SKIP_INSTALL = YES;
				SWIFT_ACTIVE_COMPILATION_CONDITIONS = "$(inherited)";
				SWIFT_VERSION = 5.0;
				TARGET_NAME = SwiftFigletKit;
				TVOS_DEPLOYMENT_TARGET = 9.0;
				WATCHOS_DEPLOYMENT_TARGET = 2.0;
			};
			name = Debug;
		};
		OBJ_20 /* Release */ = {
			isa = XCBuildConfiguration;
			buildSettings = {
				CODE_SIGN_IDENTITY = "Apple Development";
				DEVELOPMENT_TEAM = 722SF2V9RH;
				ENABLE_TESTABILITY = YES;
				FRAMEWORK_SEARCH_PATHS = (
					"$(inherited)",
					"$(PLATFORM_DIR)/Developer/Library/Frameworks",
				);
				HEADER_SEARCH_PATHS = "$(inherited)";
				INFOPLIST_FILE = SwiftFigletKit.xcodeproj/SwiftFigletKit_Info.plist;
				IPHONEOS_DEPLOYMENT_TARGET = 8.0;
				LD_RUNPATH_SEARCH_PATHS = "$(inherited) $(TOOLCHAIN_DIR)/usr/lib/swift/macosx";
				MACOSX_DEPLOYMENT_TARGET = 10.12;
				OTHER_CFLAGS = "$(inherited)";
				OTHER_LDFLAGS = "$(inherited)";
				OTHER_SWIFT_FLAGS = "$(inherited)";
				PRODUCT_BUNDLE_IDENTIFIER = SwiftFigletKit;
				PRODUCT_MODULE_NAME = "$(TARGET_NAME:c99extidentifier)";
				PRODUCT_NAME = "$(TARGET_NAME:c99extidentifier)";
				SKIP_INSTALL = YES;
				SWIFT_ACTIVE_COMPILATION_CONDITIONS = "$(inherited)";
				SWIFT_VERSION = 5.0;
				TARGET_NAME = SwiftFigletKit;
				TVOS_DEPLOYMENT_TARGET = 9.0;
				WATCHOS_DEPLOYMENT_TARGET = 2.0;
			};
			name = Release;
		};
		OBJ_26 /* Debug */ = {
			isa = XCBuildConfiguration;
			buildSettings = {
				LD = /usr/bin/true;
				OTHER_SWIFT_FLAGS = "-swift-version 5 -I $(TOOLCHAIN_DIR)/usr/lib/swift/pm/4_2 -target x86_64-apple-macosx10.10 -sdk /Applications/Xcode.app/Contents/Developer/Platforms/MacOSX.platform/Developer/SDKs/MacOSX10.15.sdk -package-description-version 5.1";
				SWIFT_VERSION = 5.0;
			};
			name = Debug;
		};
		OBJ_27 /* Release */ = {
			isa = XCBuildConfiguration;
			buildSettings = {
				LD = /usr/bin/true;
				OTHER_SWIFT_FLAGS = "-swift-version 5 -I $(TOOLCHAIN_DIR)/usr/lib/swift/pm/4_2 -target x86_64-apple-macosx10.10 -sdk /Applications/Xcode.app/Contents/Developer/Platforms/MacOSX.platform/Developer/SDKs/MacOSX10.15.sdk -package-description-version 5.1";
				SWIFT_VERSION = 5.0;
			};
			name = Release;
		};
		OBJ_3 /* Debug */ = {
			isa = XCBuildConfiguration;
			buildSettings = {
				CLANG_ENABLE_OBJC_ARC = YES;
				COMBINE_HIDPI_IMAGES = YES;
				COPY_PHASE_STRIP = NO;
				DEBUG_INFORMATION_FORMAT = dwarf;
				DYLIB_INSTALL_NAME_BASE = "@rpath";
				ENABLE_NS_ASSERTIONS = YES;
				GCC_OPTIMIZATION_LEVEL = 0;
				GCC_PREPROCESSOR_DEFINITIONS = (
					"$(inherited)",
					"SWIFT_PACKAGE=1",
					"DEBUG=1",
				);
				MACOSX_DEPLOYMENT_TARGET = 10.12;
				ONLY_ACTIVE_ARCH = YES;
				OTHER_SWIFT_FLAGS = "$(inherited) -DXcode";
				PRODUCT_NAME = "$(TARGET_NAME)";
				SDKROOT = macosx;
				SUPPORTED_PLATFORMS = "macosx iphoneos iphonesimulator appletvos appletvsimulator watchos watchsimulator";
				SWIFT_ACTIVE_COMPILATION_CONDITIONS = "$(inherited) SWIFT_PACKAGE DEBUG";
				SWIFT_OPTIMIZATION_LEVEL = "-Onone";
				USE_HEADERMAP = NO;
			};
			name = Debug;
		};
		OBJ_32 /* Debug */ = {
			isa = XCBuildConfiguration;
			buildSettings = {
			};
			name = Debug;
		};
		OBJ_33 /* Release */ = {
			isa = XCBuildConfiguration;
			buildSettings = {
			};
			name = Release;
		};
		OBJ_4 /* Release */ = {
			isa = XCBuildConfiguration;
			buildSettings = {
				CLANG_ENABLE_OBJC_ARC = YES;
				COMBINE_HIDPI_IMAGES = YES;
				COPY_PHASE_STRIP = YES;
				DEBUG_INFORMATION_FORMAT = "dwarf-with-dsym";
				DYLIB_INSTALL_NAME_BASE = "@rpath";
				GCC_OPTIMIZATION_LEVEL = s;
				GCC_PREPROCESSOR_DEFINITIONS = (
					"$(inherited)",
					"SWIFT_PACKAGE=1",
				);
				MACOSX_DEPLOYMENT_TARGET = 10.12;
				OTHER_SWIFT_FLAGS = "$(inherited) -DXcode";
				PRODUCT_NAME = "$(TARGET_NAME)";
				SDKROOT = macosx;
				SUPPORTED_PLATFORMS = "macosx iphoneos iphonesimulator appletvos appletvsimulator watchos watchsimulator";
				SWIFT_ACTIVE_COMPILATION_CONDITIONS = "$(inherited) SWIFT_PACKAGE";
				SWIFT_OPTIMIZATION_LEVEL = "-Owholemodule";
				USE_HEADERMAP = NO;
			};
			name = Release;
		};
/* End XCBuildConfiguration section */

/* Begin XCConfigurationList section */
		OBJ_18 /* Build configuration list for PBXNativeTarget "SwiftFigletKit" */ = {
			isa = XCConfigurationList;
			buildConfigurations = (
				OBJ_19 /* Debug */,
				OBJ_20 /* Release */,
			);
			defaultConfigurationIsVisible = 0;
			defaultConfigurationName = Release;
		};
		OBJ_2 /* Build configuration list for PBXProject "SwiftFigletKit" */ = {
			isa = XCConfigurationList;
			buildConfigurations = (
				OBJ_3 /* Debug */,
				OBJ_4 /* Release */,
			);
			defaultConfigurationIsVisible = 0;
			defaultConfigurationName = Release;
		};
		OBJ_25 /* Build configuration list for PBXNativeTarget "SwiftFigletKitPackageDescription" */ = {
			isa = XCConfigurationList;
			buildConfigurations = (
				OBJ_26 /* Debug */,
				OBJ_27 /* Release */,
			);
			defaultConfigurationIsVisible = 0;
			defaultConfigurationName = Release;
		};
		OBJ_31 /* Build configuration list for PBXAggregateTarget "SwiftFigletKitPackageTests" */ = {
			isa = XCConfigurationList;
			buildConfigurations = (
				OBJ_32 /* Debug */,
				OBJ_33 /* Release */,
			);
			defaultConfigurationIsVisible = 0;
			defaultConfigurationName = Release;
		};
/* End XCConfigurationList section */
	};
	rootObject = OBJ_1 /* Project object */;
}
